
Microsoft Visual Studio Solution File, Format Version 12.00
# Visual Studio 15
VisualStudioVersion = 15.0.26228.4
MinimumVisualStudioVersion = 10.0.40219.1
Project("{FAE04EC0-301F-11D3-BF4B-00C04F79EFBC}") = "SanHeGroundStation", "SanHeGroundStation\SanHeGroundStation.csproj", "{4FFB0C58-40B1-4514-9041-7750BFF2E44B}"
EndProject
Project("{FAE04EC0-301F-11D3-BF4B-00C04F79EFBC}") = "GMap.NET.WindowsForms", "GMap.NET.WindowsForms\GMap.NET.WindowsForms.csproj", "{E06DEF77-F933-42FB-AFD7-DB2D0D8D6A98}"
EndProject
Project("{FAE04EC0-301F-11D3-BF4B-00C04F79EFBC}") = "GMap.NET.Core", "GMap.NET.Core\GMap.NET.Core.csproj", "{D0C39D9D-BED0-418B-9A5E-713176CAF40C}"
EndProject
Project("{FAE04EC0-301F-11D3-BF4B-00C04F79EFBC}") = "BSE.Windows.Forms", "BSE.Windows.Forms\BSE.Windows.Forms.csproj", "{9CA367B8-0B98-49D1-84FB-735E612E3BA9}"
EndProject
Project("{911E67C6-3D85-4FCE-B560-20A9C3E3FF48}") = "NuGet", ".nuget\NuGet.exe", "{50219ADC-07EC-40AA-8C63-AFFBB9F5F292}"
	ProjectSection(DebuggerProjectSystem) = preProject
		PortSupplier = 00000000-0000-0000-0000-000000000000
		Executable = D:\Code\SanHeGroundStation\.nuget\NuGet.exe
		RemoteMachine = DREAM
		StartingDirectory = D:\Code\SanHeGroundStation\.nuget
		Environment = 默认值
		LaunchingEngine = 00000000-0000-0000-0000-000000000000
		UseLegacyDebugEngines = No
		LaunchSQLEngine = No
		AttachLaunchAction = No
	EndProjectSection
EndProject
Global
	GlobalSection(SolutionConfigurationPlatforms) = preSolution
		CD_ROM|Any CPU = CD_ROM|Any CPU
		CD_ROM|Mixed Platforms = CD_ROM|Mixed Platforms
		CD_ROM|x86 = CD_ROM|x86
		Debug|Any CPU = Debug|Any CPU
		Debug|Mixed Platforms = Debug|Mixed Platforms
		Debug|x86 = Debug|x86
		DVD-5|Any CPU = DVD-5|Any CPU
		DVD-5|Mixed Platforms = DVD-5|Mixed Platforms
		DVD-5|x86 = DVD-5|x86
		Release|Any CPU = Release|Any CPU
		Release|Mixed Platforms = Release|Mixed Platforms
		Release|x86 = Release|x86
		SingleImage|Any CPU = SingleImage|Any CPU
		SingleImage|Mixed Platforms = SingleImage|Mixed Platforms
		SingleImage|x86 = SingleImage|x86
	EndGlobalSection
	GlobalSection(ProjectConfigurationPlatforms) = postSolution
		{4FFB0C58-40B1-4514-9041-7750BFF2E44B}.CD_ROM|Any CPU.ActiveCfg = Release|Any CPU
		{4FFB0C58-40B1-4514-9041-7750BFF2E44B}.CD_ROM|Any CPU.Build.0 = Release|Any CPU
		{4FFB0C58-40B1-4514-9041-7750BFF2E44B}.CD_ROM|Mixed Platforms.ActiveCfg = Release|Any CPU
		{4FFB0C58-40B1-4514-9041-7750BFF2E44B}.CD_ROM|Mixed Platforms.Build.0 = Release|Any CPU
		{4FFB0C58-40B1-4514-9041-7750BFF2E44B}.CD_ROM|x86.ActiveCfg = Release|Any CPU
		{4FFB0C58-40B1-4514-9041-7750BFF2E44B}.Debug|Any CPU.ActiveCfg = Debug|Any CPU
		{4FFB0C58-40B1-4514-9041-7750BFF2E44B}.Debug|Any CPU.Build.0 = Debug|Any CPU
		{4FFB0C58-40B1-4514-9041-7750BFF2E44B}.Debug|Mixed Platforms.ActiveCfg = Debug|Any CPU
		{4FFB0C58-40B1-4514-9041-7750BFF2E44B}.Debug|Mixed Platforms.Build.0 = Debug|Any CPU
		{4FFB0C58-40B1-4514-9041-7750BFF2E44B}.Debug|x86.ActiveCfg = Debug|Any CPU
		{4FFB0C58-40B1-4514-9041-7750BFF2E44B}.DVD-5|Any CPU.ActiveCfg = Debug|Any CPU
		{4FFB0C58-40B1-4514-9041-7750BFF2E44B}.DVD-5|Any CPU.Build.0 = Debug|Any CPU
		{4FFB0C58-40B1-4514-9041-7750BFF2E44B}.DVD-5|Mixed Platforms.ActiveCfg = Debug|Any CPU
		{4FFB0C58-40B1-4514-9041-7750BFF2E44B}.DVD-5|Mixed Platforms.Build.0 = Debug|Any CPU
		{4FFB0C58-40B1-4514-9041-7750BFF2E44B}.DVD-5|x86.ActiveCfg = Debug|Any CPU
		{4FFB0C58-40B1-4514-9041-7750BFF2E44B}.Release|Any CPU.ActiveCfg = Release|Any CPU
		{4FFB0C58-40B1-4514-9041-7750BFF2E44B}.Release|Any CPU.Build.0 = Release|Any CPU
		{4FFB0C58-40B1-4514-9041-7750BFF2E44B}.Release|Mixed Platforms.ActiveCfg = Release|Any CPU
		{4FFB0C58-40B1-4514-9041-7750BFF2E44B}.Release|Mixed Platforms.Build.0 = Release|Any CPU
		{4FFB0C58-40B1-4514-9041-7750BFF2E44B}.Release|x86.ActiveCfg = Release|Any CPU
		{4FFB0C58-40B1-4514-9041-7750BFF2E44B}.SingleImage|Any CPU.ActiveCfg = Release|Any CPU
		{4FFB0C58-40B1-4514-9041-7750BFF2E44B}.SingleImage|Any CPU.Build.0 = Release|Any CPU
		{4FFB0C58-40B1-4514-9041-7750BFF2E44B}.SingleImage|Mixed Platforms.ActiveCfg = Release|Any CPU
		{4FFB0C58-40B1-4514-9041-7750BFF2E44B}.SingleImage|Mixed Platforms.Build.0 = Release|Any CPU
		{4FFB0C58-40B1-4514-9041-7750BFF2E44B}.SingleImage|x86.ActiveCfg = Release|Any CPU
		{E06DEF77-F933-42FB-AFD7-DB2D0D8D6A98}.CD_ROM|Any CPU.ActiveCfg = Release|Any CPU
		{E06DEF77-F933-42FB-AFD7-DB2D0D8D6A98}.CD_ROM|Any CPU.Build.0 = Release|Any CPU
		{E06DEF77-F933-42FB-AFD7-DB2D0D8D6A98}.CD_ROM|Mixed Platforms.ActiveCfg = Release|Any CPU
		{E06DEF77-F933-42FB-AFD7-DB2D0D8D6A98}.CD_ROM|Mixed Platforms.Build.0 = Release|Any CPU
		{E06DEF77-F933-42FB-AFD7-DB2D0D8D6A98}.CD_ROM|x86.ActiveCfg = Release|Any CPU
		{E06DEF77-F933-42FB-AFD7-DB2D0D8D6A98}.Debug|Any CPU.ActiveCfg = Debug|Any CPU
		{E06DEF77-F933-42FB-AFD7-DB2D0D8D6A98}.Debug|Any CPU.Build.0 = Debug|Any CPU
		{E06DEF77-F933-42FB-AFD7-DB2D0D8D6A98}.Debug|Mixed Platforms.ActiveCfg = Debug|Any CPU
		{E06DEF77-F933-42FB-AFD7-DB2D0D8D6A98}.Debug|Mixed Platforms.Build.0 = Debug|Any CPU
		{E06DEF77-F933-42FB-AFD7-DB2D0D8D6A98}.Debug|x86.ActiveCfg = Debug|Any CPU
		{E06DEF77-F933-42FB-AFD7-DB2D0D8D6A98}.DVD-5|Any CPU.ActiveCfg = Debug|Any CPU
		{E06DEF77-F933-42FB-AFD7-DB2D0D8D6A98}.DVD-5|Any CPU.Build.0 = Debug|Any CPU
		{E06DEF77-F933-42FB-AFD7-DB2D0D8D6A98}.DVD-5|Mixed Platforms.ActiveCfg = Debug|Any CPU
		{E06DEF77-F933-42FB-AFD7-DB2D0D8D6A98}.DVD-5|Mixed Platforms.Build.0 = Debug|Any CPU
		{E06DEF77-F933-42FB-AFD7-DB2D0D8D6A98}.DVD-5|x86.ActiveCfg = Debug|Any CPU
		{E06DEF77-F933-42FB-AFD7-DB2D0D8D6A98}.Release|Any CPU.ActiveCfg = Release|Any CPU
		{E06DEF77-F933-42FB-AFD7-DB2D0D8D6A98}.Release|Any CPU.Build.0 = Release|Any CPU
		{E06DEF77-F933-42FB-AFD7-DB2D0D8D6A98}.Release|Mixed Platforms.ActiveCfg = Release|Any CPU
		{E06DEF77-F933-42FB-AFD7-DB2D0D8D6A98}.Release|Mixed Platforms.Build.0 = Release|Any CPU
		{E06DEF77-F933-42FB-AFD7-DB2D0D8D6A98}.Release|x86.ActiveCfg = Release|Any CPU
		{E06DEF77-F933-42FB-AFD7-DB2D0D8D6A98}.SingleImage|Any CPU.ActiveCfg = Release|Any CPU
		{E06DEF77-F933-42FB-AFD7-DB2D0D8D6A98}.SingleImage|Any CPU.Build.0 = Release|Any CPU
		{E06DEF77-F933-42FB-AFD7-DB2D0D8D6A98}.SingleImage|Mixed Platforms.ActiveCfg = Release|Any CPU
		{E06DEF77-F933-42FB-AFD7-DB2D0D8D6A98}.SingleImage|Mixed Platforms.Build.0 = Release|Any CPU
		{E06DEF77-F933-42FB-AFD7-DB2D0D8D6A98}.SingleImage|x86.ActiveCfg = Release|Any CPU
		{D0C39D9D-BED0-418B-9A5E-713176CAF40C}.CD_ROM|Any CPU.ActiveCfg = Release|Any CPU
		{D0C39D9D-BED0-418B-9A5E-713176CAF40C}.CD_ROM|Any CPU.Build.0 = Release|Any CPU
		{D0C39D9D-BED0-418B-9A5E-713176CAF40C}.CD_ROM|Mixed Platforms.ActiveCfg = Release|Any CPU
		{D0C39D9D-BED0-418B-9A5E-713176CAF40C}.CD_ROM|Mixed Platforms.Build.0 = Release|Any CPU
		{D0C39D9D-BED0-418B-9A5E-713176CAF40C}.CD_ROM|x86.ActiveCfg = Release|Any CPU
		{D0C39D9D-BED0-418B-9A5E-713176CAF40C}.Debug|Any CPU.ActiveCfg = Debug|Any CPU
		{D0C39D9D-BED0-418B-9A5E-713176CAF40C}.Debug|Any CPU.Build.0 = Debug|Any CPU
		{D0C39D9D-BED0-418B-9A5E-713176CAF40C}.Debug|Mixed Platforms.ActiveCfg = Debug|Any CPU
		{D0C39D9D-BED0-418B-9A5E-713176CAF40C}.Debug|Mixed Platforms.Build.0 = Debug|Any CPU
		{D0C39D9D-BED0-418B-9A5E-713176CAF40C}.Debug|x86.ActiveCfg = Debug|Any CPU
		{D0C39D9D-BED0-418B-9A5E-713176CAF40C}.DVD-5|Any CPU.ActiveCfg = Debug|Any CPU
		{D0C39D9D-BED0-418B-9A5E-713176CAF40C}.DVD-5|Any CPU.Build.0 = Debug|Any CPU
		{D0C39D9D-BED0-418B-9A5E-713176CAF40C}.DVD-5|Mixed Platforms.ActiveCfg = Debug|Any CPU
		{D0C39D9D-BED0-418B-9A5E-713176CAF40C}.DVD-5|Mixed Platforms.Build.0 = Debug|Any CPU
		{D0C39D9D-BED0-418B-9A5E-713176CAF40C}.DVD-5|x86.ActiveCfg = Debug|Any CPU
		{D0C39D9D-BED0-418B-9A5E-713176CAF40C}.Release|Any CPU.ActiveCfg = Release|Any CPU
		{D0C39D9D-BED0-418B-9A5E-713176CAF40C}.Release|Any CPU.Build.0 = Release|Any CPU
		{D0C39D9D-BED0-418B-9A5E-713176CAF40C}.Release|Mixed Platforms.ActiveCfg = Release|Any CPU
		{D0C39D9D-BED0-418B-9A5E-713176CAF40C}.Release|Mixed Platforms.Build.0 = Release|Any CPU
		{D0C39D9D-BED0-418B-9A5E-713176CAF40C}.Release|x86.ActiveCfg = Release|Any CPU
		{D0C39D9D-BED0-418B-9A5E-713176CAF40C}.SingleImage|Any CPU.ActiveCfg = Release|Any CPU
		{D0C39D9D-BED0-418B-9A5E-713176CAF40C}.SingleImage|Any CPU.Build.0 = Release|Any CPU
		{D0C39D9D-BED0-418B-9A5E-713176CAF40C}.SingleImage|Mixed Platforms.ActiveCfg = Release|Any CPU
		{D0C39D9D-BED0-418B-9A5E-713176CAF40C}.SingleImage|Mixed Platforms.Build.0 = Release|Any CPU
		{D0C39D9D-BED0-418B-9A5E-713176CAF40C}.SingleImage|x86.ActiveCfg = Release|Any CPU
		{9CA367B8-0B98-49D1-84FB-735E612E3BA9}.CD_ROM|Any CPU.ActiveCfg = Release|Any CPU
		{9CA367B8-0B98-49D1-84FB-735E612E3BA9}.CD_ROM|Any CPU.Build.0 = Release|Any CPU
		{9CA367B8-0B98-49D1-84FB-735E612E3BA9}.CD_ROM|Mixed Platforms.ActiveCfg = Release|Any CPU
		{9CA367B8-0B98-49D1-84FB-735E612E3BA9}.CD_ROM|Mixed Platforms.Build.0 = Release|Any CPU
		{9CA367B8-0B98-49D1-84FB-735E612E3BA9}.CD_ROM|x86.ActiveCfg = Release|Any CPU
		{9CA367B8-0B98-49D1-84FB-735E612E3BA9}.Debug|Any CPU.ActiveCfg = Debug|Any CPU
		{9CA367B8-0B98-49D1-84FB-735E612E3BA9}.Debug|Any CPU.Build.0 = Debug|Any CPU
		{9CA367B8-0B98-49D1-84FB-735E612E3BA9}.Debug|Mixed Platforms.ActiveCfg = Debug|Any CPU
		{9CA367B8-0B98-49D1-84FB-735E612E3BA9}.Debug|Mixed Platforms.Build.0 = Debug|Any CPU
		{9CA367B8-0B98-49D1-84FB-735E612E3BA9}.Debug|x86.ActiveCfg = Debug|Any CPU
		{9CA367B8-0B98-49D1-84FB-735E612E3BA9}.DVD-5|Any CPU.ActiveCfg = Debug|Any CPU
		{9CA367B8-0B98-49D1-84FB-735E612E3BA9}.DVD-5|Any CPU.Build.0 = Debug|Any CPU
		{9CA367B8-0B98-49D1-84FB-735E612E3BA9}.DVD-5|Mixed Platforms.ActiveCfg = Debug|Any CPU
		{9CA367B8-0B98-49D1-84FB-735E612E3BA9}.DVD-5|Mixed Platforms.Build.0 = Debug|Any CPU
		{9CA367B8-0B98-49D1-84FB-735E612E3BA9}.DVD-5|x86.ActiveCfg = Debug|Any CPU
		{9CA367B8-0B98-49D1-84FB-735E612E3BA9}.Release|Any CPU.ActiveCfg = Release|Any CPU
		{9CA367B8-0B98-49D1-84FB-735E612E3BA9}.Release|Any CPU.Build.0 = Release|Any CPU
		{9CA367B8-0B98-49D1-84FB-735E612E3BA9}.Release|Mixed Platforms.ActiveCfg = Release|Any CPU
		{9CA367B8-0B98-49D1-84FB-735E612E3BA9}.Release|Mixed Platforms.Build.0 = Release|Any CPU
		{9CA367B8-0B98-49D1-84FB-735E612E3BA9}.Release|x86.ActiveCfg = Release|Any CPU
		{9CA367B8-0B98-49D1-84FB-735E612E3BA9}.SingleImage|Any CPU.ActiveCfg = Release|Any CPU
		{9CA367B8-0B98-49D1-84FB-735E612E3BA9}.SingleImage|Any CPU.Build.0 = Release|Any CPU
		{9CA367B8-0B98-49D1-84FB-735E612E3BA9}.SingleImage|Mixed Platforms.ActiveCfg = Release|Any CPU
		{9CA367B8-0B98-49D1-84FB-735E612E3BA9}.SingleImage|Mixed Platforms.Build.0 = Release|Any CPU
		{9CA367B8-0B98-49D1-84FB-735E612E3BA9}.SingleImage|x86.ActiveCfg = Release|Any CPU
		{50219ADC-07EC-40AA-8C63-AFFBB9F5F292}.CD_ROM|Any CPU.ActiveCfg = Release
		{50219ADC-07EC-40AA-8C63-AFFBB9F5F292}.CD_ROM|Mixed Platforms.ActiveCfg = Release
		{50219ADC-07EC-40AA-8C63-AFFBB9F5F292}.CD_ROM|x86.ActiveCfg = Release
		{50219ADC-07EC-40AA-8C63-AFFBB9F5F292}.Debug|Any CPU.ActiveCfg = Release
		{50219ADC-07EC-40AA-8C63-AFFBB9F5F292}.Debug|Mixed Platforms.ActiveCfg = Release
		{50219ADC-07EC-40AA-8C63-AFFBB9F5F292}.Debug|x86.ActiveCfg = Release
		{50219ADC-07EC-40AA-8C63-AFFBB9F5F292}.DVD-5|Any CPU.ActiveCfg = Release
		{50219ADC-07EC-40AA-8C63-AFFBB9F5F292}.DVD-5|Mixed Platforms.ActiveCfg = Release
		{50219ADC-07EC-40AA-8C63-AFFBB9F5F292}.DVD-5|x86.ActiveCfg = Release
		{50219ADC-07EC-40AA-8C63-AFFBB9F5F292}.Release|Any CPU.ActiveCfg = Release
		{50219ADC-07EC-40AA-8C63-AFFBB9F5F292}.Release|Mixed Platforms.ActiveCfg = Release
		{50219ADC-07EC-40AA-8C63-AFFBB9F5F292}.Release|x86.ActiveCfg = Release
		{50219ADC-07EC-40AA-8C63-AFFBB9F5F292}.SingleImage|Any CPU.ActiveCfg = Release
		{50219ADC-07EC-40AA-8C63-AFFBB9F5F292}.SingleImage|Mixed Platforms.ActiveCfg = Release
		{50219ADC-07EC-40AA-8C63-AFFBB9F5F292}.SingleImage|x86.ActiveCfg = Release
	EndGlobalSection
	GlobalSection(SolutionProperties) = preSolution
		HideSolutionNode = FALSE
	EndGlobalSection
EndGlobal
